
Microsoft Visual Studio Solution File, Format Version 12.00
# Visual Studio Version 16
VisualStudioVersion = 16.0.29123.88
MinimumVisualStudioVersion = 10.0.40219.1
Project("{FAE04EC0-301F-11D3-BF4B-00C04F79EFBC}") = "lushiserver", "lushiserver\lushiserver.csproj", "{C98FDD74-8F9D-4E68-824D-27E7B0372477}"
EndProject
Global
	GlobalSection(SolutionConfigurationPlatforms) = preSolution
		Debug|Any CPU = Debug|Any CPU
		Release|Any CPU = Release|Any CPU
	EndGlobalSection
	GlobalSection(ProjectConfigurationPlatforms) = postSolution
		{C98FDD74-8F9D-4E68-824D-27E7B0372477}.Debug|Any CPU.ActiveCfg = Debug|Any CPU
		{C98FDD74-8F9D-4E68-824D-27E7B0372477}.Debug|Any CPU.Build.0 = Debug|Any CPU
		{C98FDD74-8F9D-4E68-824D-27E7B0372477}.Release|Any CPU.ActiveCfg = Release|Any CPU
		{C98FDD74-8F9D-4E68-824D-27E7B0372477}.Release|Any CPU.Build.0 = Release|Any CPU
	EndGlobalSection
	GlobalSection(SolutionProperties) = preSolution
		HideSolutionNode = FALSE
	EndGlobalSection
	GlobalSection(ExtensibilityGlobals) = postSolution
		SolutionGuid = {B1ECC204-145F-476D-8D49-573CE1EBAED1}
	EndGlobalSection
EndGlobal
